
Microsoft Visual Studio Solution File, Format Version 12.00
# Visual Studio 15
VisualStudioVersion = 15.0.27703.2047
MinimumVisualStudioVersion = 10.0.40219.1
Project("{F2A71F9B-5D33-465A-A702-920D77279786}") = "AI_Assignment_2", "AI_Assignment_2\AI_Assignment_2.fsproj", "{23FDFF64-67A2-4AB5-800F-FACF6A6D9EA4}"
EndProject
Global
	GlobalSection(SolutionConfigurationPlatforms) = preSolution
		Debug|Any CPU = Debug|Any CPU
		Release|Any CPU = Release|Any CPU
	EndGlobalSection
	GlobalSection(ProjectConfigurationPlatforms) = postSolution
		{23FDFF64-67A2-4AB5-800F-FACF6A6D9EA4}.Debug|Any CPU.ActiveCfg = Debug|Any CPU
		{23FDFF64-67A2-4AB5-800F-FACF6A6D9EA4}.Debug|Any CPU.Build.0 = Debug|Any CPU
		{23FDFF64-67A2-4AB5-800F-FACF6A6D9EA4}.Release|Any CPU.ActiveCfg = Release|Any CPU
		{23FDFF64-67A2-4AB5-800F-FACF6A6D9EA4}.Release|Any CPU.Build.0 = Release|Any CPU
	EndGlobalSection
	GlobalSection(SolutionProperties) = preSolution
		HideSolutionNode = FALSE
	EndGlobalSection
	GlobalSection(ExtensibilityGlobals) = postSolution
		SolutionGuid = {5BEF20E3-7EEB-48C5-9933-2C3CBA503D09}
	EndGlobalSection
EndGlobal
